
Microsoft Visual Studio Solution File, Format Version 10.00
# Visual Studio 2008
Project("{FAE04EC0-301F-11D3-BF4B-00C04F79EFBC}") = "IM", "IM\IM.csproj", "{C09ADEBC-1B14-4C58-B95E-E0E58BC9CC70}"
EndProject
Project("{FAE04EC0-301F-11D3-BF4B-00C04F79EFBC}") = "DarwinbotsGUIM", "DarwinbotsGUIM\DarwinbotsGUIM.csproj", "{5DDC0184-C121-40ED-8A1E-DB78E039D7DA}"
EndProject
Project("{FAE04EC0-301F-11D3-BF4B-00C04F79EFBC}") = "DarwinbotsCLIM", "DarwinbotsCLIM\DarwinbotsCLIM.csproj", "{8ED762DE-28B7-47E2-BBD0-00696CACE424}"
EndProject
Global
	GlobalSection(SolutionConfigurationPlatforms) = preSolution
		Debug|Any CPU = Debug|Any CPU
		Release|Any CPU = Release|Any CPU
	EndGlobalSection
	GlobalSection(ProjectConfigurationPlatforms) = postSolution
		{C09ADEBC-1B14-4C58-B95E-E0E58BC9CC70}.Debug|Any CPU.ActiveCfg = Debug|Any CPU
		{C09ADEBC-1B14-4C58-B95E-E0E58BC9CC70}.Debug|Any CPU.Build.0 = Debug|Any CPU
		{C09ADEBC-1B14-4C58-B95E-E0E58BC9CC70}.Release|Any CPU.ActiveCfg = Release|Any CPU
		{C09ADEBC-1B14-4C58-B95E-E0E58BC9CC70}.Release|Any CPU.Build.0 = Release|Any CPU
		{5DDC0184-C121-40ED-8A1E-DB78E039D7DA}.Debug|Any CPU.ActiveCfg = Debug|Any CPU
		{5DDC0184-C121-40ED-8A1E-DB78E039D7DA}.Debug|Any CPU.Build.0 = Debug|Any CPU
		{5DDC0184-C121-40ED-8A1E-DB78E039D7DA}.Release|Any CPU.ActiveCfg = Release|Any CPU
		{5DDC0184-C121-40ED-8A1E-DB78E039D7DA}.Release|Any CPU.Build.0 = Release|Any CPU
		{8ED762DE-28B7-47E2-BBD0-00696CACE424}.Debug|Any CPU.ActiveCfg = Debug|Any CPU
		{8ED762DE-28B7-47E2-BBD0-00696CACE424}.Debug|Any CPU.Build.0 = Debug|Any CPU
		{8ED762DE-28B7-47E2-BBD0-00696CACE424}.Release|Any CPU.ActiveCfg = Release|Any CPU
		{8ED762DE-28B7-47E2-BBD0-00696CACE424}.Release|Any CPU.Build.0 = Release|Any CPU
	EndGlobalSection
	GlobalSection(SolutionProperties) = preSolution
		HideSolutionNode = FALSE
	EndGlobalSection
EndGlobal
